PODS:
  - AppsFlyerFramework (6.13.2):
    - AppsFlyerFramework/Main (= 6.13.2)
  - AppsFlyerFramework/Main (6.13.2)
  - Masonry (1.1.0)
  - SAMKeychain (1.5.3)

DEPENDENCIES:
  - AppsFlyerFramework
  - Masonry
  - SAMKeychain

SPEC REPOS:
  trunk:
    - AppsFlyerFramework
    - Masonry
    - SAMKeychain

SPEC CHECKSUMS:
  AppsFlyerFramework: 39efd4d2523ca9e3234805aea0c6b3c3a4a387d1
  Masonry: 678fab65091a9290e40e2832a55e7ab731aad201
  SAMKeychain: 483e1c9f32984d50ca961e26818a534283b4cd5c

PODFILE CHECKSUM: cb90c3cee4d694ddcbc8f6ced9810c227d863a57

COCOAPODS: 1.15.2
